
Microsoft Visual Studio Solution File, Format Version 12.00
# Visual Studio Version 16
VisualStudioVersion = 16.0.31911.196
MinimumVisualStudioVersion = 10.0.40219.1
Project("{FAE04EC0-301F-11D3-BF4B-00C04F79EFBC}") = "COMP1640_IdeaManagement", "COMP1640_IdeaManagement\COMP1640_IdeaManagement.csproj", "{8A2CDD28-219F-40C5-855A-EFBBF9FE44C4}"
EndProject
Global
	GlobalSection(SolutionConfigurationPlatforms) = preSolution
		Debug|Any CPU = Debug|Any CPU
		Release|Any CPU = Release|Any CPU
	EndGlobalSection
	GlobalSection(ProjectConfigurationPlatforms) = postSolution
		{8A2CDD28-219F-40C5-855A-EFBBF9FE44C4}.Debug|Any CPU.ActiveCfg = Debug|Any CPU
		{8A2CDD28-219F-40C5-855A-EFBBF9FE44C4}.Debug|Any CPU.Build.0 = Debug|Any CPU
		{8A2CDD28-219F-40C5-855A-EFBBF9FE44C4}.Release|Any CPU.ActiveCfg = Release|Any CPU
		{8A2CDD28-219F-40C5-855A-EFBBF9FE44C4}.Release|Any CPU.Build.0 = Release|Any CPU
	EndGlobalSection
	GlobalSection(SolutionProperties) = preSolution
		HideSolutionNode = FALSE
	EndGlobalSection
	GlobalSection(ExtensibilityGlobals) = postSolution
		SolutionGuid = {960D4BEB-EC19-4AD7-B233-E2BA5D30E8D1}
	EndGlobalSection
EndGlobal
